
Microsoft Visual Studio Solution File, Format Version 12.00
# Visual Studio 15
VisualStudioVersion = 15.0.26124.0
MinimumVisualStudioVersion = 15.0.26124.0
Project("{FAE04EC0-301F-11D3-BF4B-00C04F79EFBC}") = "LiteSql", "src\LiteSql.csproj", "{39E50FBA-3610-49D9-B331-22235B157066}"
EndProject
Project("{FAE04EC0-301F-11D3-BF4B-00C04F79EFBC}") = "LiteSql.Tests", "tests\LiteSql.Tests.csproj", "{C4CC7876-64C9-46C9-B0F5-1658F423F8CE}"
EndProject
Global
	GlobalSection(SolutionConfigurationPlatforms) = preSolution
		Debug|Any CPU = Debug|Any CPU
		Debug|x64 = Debug|x64
		Debug|x86 = Debug|x86
		Release|Any CPU = Release|Any CPU
		Release|x64 = Release|x64
		Release|x86 = Release|x86
	EndGlobalSection
	GlobalSection(SolutionProperties) = preSolution
		HideSolutionNode = FALSE
	EndGlobalSection
	GlobalSection(ProjectConfigurationPlatforms) = postSolution
		{39E50FBA-3610-49D9-B331-22235B157066}.Debug|Any CPU.ActiveCfg = Debug|Any CPU
		{39E50FBA-3610-49D9-B331-22235B157066}.Debug|Any CPU.Build.0 = Debug|Any CPU
		{39E50FBA-3610-49D9-B331-22235B157066}.Debug|x64.ActiveCfg = Debug|Any CPU
		{39E50FBA-3610-49D9-B331-22235B157066}.Debug|x64.Build.0 = Debug|Any CPU
		{39E50FBA-3610-49D9-B331-22235B157066}.Debug|x86.ActiveCfg = Debug|Any CPU
		{39E50FBA-3610-49D9-B331-22235B157066}.Debug|x86.Build.0 = Debug|Any CPU
		{39E50FBA-3610-49D9-B331-22235B157066}.Release|Any CPU.ActiveCfg = Release|Any CPU
		{39E50FBA-3610-49D9-B331-22235B157066}.Release|Any CPU.Build.0 = Release|Any CPU
		{39E50FBA-3610-49D9-B331-22235B157066}.Release|x64.ActiveCfg = Release|Any CPU
		{39E50FBA-3610-49D9-B331-22235B157066}.Release|x64.Build.0 = Release|Any CPU
		{39E50FBA-3610-49D9-B331-22235B157066}.Release|x86.ActiveCfg = Release|Any CPU
		{39E50FBA-3610-49D9-B331-22235B157066}.Release|x86.Build.0 = Release|Any CPU
		{C4CC7876-64C9-46C9-B0F5-1658F423F8CE}.Debug|Any CPU.ActiveCfg = Debug|Any CPU
		{C4CC7876-64C9-46C9-B0F5-1658F423F8CE}.Debug|Any CPU.Build.0 = Debug|Any CPU
		{C4CC7876-64C9-46C9-B0F5-1658F423F8CE}.Debug|x64.ActiveCfg = Debug|Any CPU
		{C4CC7876-64C9-46C9-B0F5-1658F423F8CE}.Debug|x64.Build.0 = Debug|Any CPU
		{C4CC7876-64C9-46C9-B0F5-1658F423F8CE}.Debug|x86.ActiveCfg = Debug|Any CPU
		{C4CC7876-64C9-46C9-B0F5-1658F423F8CE}.Debug|x86.Build.0 = Debug|Any CPU
		{C4CC7876-64C9-46C9-B0F5-1658F423F8CE}.Release|Any CPU.ActiveCfg = Release|Any CPU
		{C4CC7876-64C9-46C9-B0F5-1658F423F8CE}.Release|Any CPU.Build.0 = Release|Any CPU
		{C4CC7876-64C9-46C9-B0F5-1658F423F8CE}.Release|x64.ActiveCfg = Release|Any CPU
		{C4CC7876-64C9-46C9-B0F5-1658F423F8CE}.Release|x64.Build.0 = Release|Any CPU
		{C4CC7876-64C9-46C9-B0F5-1658F423F8CE}.Release|x86.ActiveCfg = Release|Any CPU
		{C4CC7876-64C9-46C9-B0F5-1658F423F8CE}.Release|x86.Build.0 = Release|Any CPU
	EndGlobalSection
EndGlobal
